<?xml version="1.0" encoding="utf-8"?>
<Project ToolsVersion="4.0" xmlns="http://schemas.microsoft.com/developer/msbuild/2003">
  <ItemGroup>
    <Filter Include="리소스 파일">
      <UniqueIdentifier>{67DA6AB6-F800-4c08-8B7A-83BB121AAD01}</UniqueIdentifier>
      <Extensions>rc;ico;cur;bmp;dlg;rc2;rct;bin;rgs;gif;jpg;jpeg;jpe;resx;tiff;tif;png;wav;mfcribbon-ms</Extensions>
    </Filter>
    <Filter Include="Neon">
      <UniqueIdentifier>{40c244e0-5506-4dbf-b411-1e6c7e9cd1d0}</UniqueIdentifier>
    </Filter>
    <Filter Include="Neon\Graphics">
      <UniqueIdentifier>{6dd55391-f332-4ad2-986b-f219bdc941d0}</UniqueIdentifier>
    </Filter>
    <Filter Include="imgui">
      <UniqueIdentifier>{64508321-15fe-4543-92b5-d8ff9562bdaa}</UniqueIdentifier>
    </Filter>
  </ItemGroup>
  <ItemGroup>
    <ClCompile Include="glad.c" />
    <ClCompile Include="main_.cpp" />
    <ClCompile Include="main.cpp" />
    <ClCompile Include="Neon\Neon.cpp">
      <Filter>Neon</Filter>
    </ClCompile>
    <ClCompile Include="Neon\Window.cpp">
      <Filter>Neon</Filter>
    </ClCompile>
    <ClCompile Include="Neon\Graphics\GraphicsInterface.cpp">
      <Filter>Neon\Graphics</Filter>
    </ClCompile>
    <ClCompile Include="..\..\inc\imgui\imgui.cpp">
      <Filter>imgui</Filter>
    </ClCompile>
    <ClCompile Include="..\..\inc\imgui\imgui_demo.cpp">
      <Filter>imgui</Filter>
    </ClCompile>
    <ClCompile Include="..\..\inc\imgui\imgui_draw.cpp">
      <Filter>imgui</Filter>
    </ClCompile>
    <ClCompile Include="..\..\inc\imgui\imgui_impl_glfw.cpp">
      <Filter>imgui</Filter>
    </ClCompile>
    <ClCompile Include="..\..\inc\imgui\imgui_impl_opengl3.cpp">
      <Filter>imgui</Filter>
    </ClCompile>
    <ClCompile Include="..\..\inc\imgui\imgui_tables.cpp">
      <Filter>imgui</Filter>
    </ClCompile>
    <ClCompile Include="..\..\inc\imgui\imgui_widgets.cpp">
      <Filter>imgui</Filter>
    </ClCompile>
    <ClCompile Include="Neon\Graphics\Shader.cpp">
      <Filter>Neon\Graphics</Filter>
    </ClCompile>
    <ClCompile Include="Neon\Graphics\Texture.cpp">
      <Filter>Neon\Graphics</Filter>
    </ClCompile>
    <ClCompile Include="Neon\Graphics\Mesh.cpp">
      <Filter>Neon\Graphics</Filter>
    </ClCompile>
    <ClCompile Include="Neon\Graphics\Material.cpp">
      <Filter>Neon\Graphics</Filter>
    </ClCompile>
  </ItemGroup>
  <ItemGroup>
    <ClInclude Include="Neon\Graphics.h">
      <Filter>Neon</Filter>
    </ClInclude>
    <ClInclude Include="Neon\Neon.h">
      <Filter>Neon</Filter>
    </ClInclude>
    <ClInclude Include="Neon\NeonCommon.h">
      <Filter>Neon</Filter>
    </ClInclude>
    <ClInclude Include="Neon\Window.h">
      <Filter>Neon</Filter>
    </ClInclude>
    <ClInclude Include="Neon\Graphics\Buffer.hpp">
      <Filter>Neon\Graphics</Filter>
    </ClInclude>
    <ClInclude Include="Neon\Graphics\GraphicsInterface.h">
      <Filter>Neon\Graphics</Filter>
    </ClInclude>
    <ClInclude Include="..\..\inc\imgui\imconfig.h">
      <Filter>imgui</Filter>
    </ClInclude>
    <ClInclude Include="..\..\inc\imgui\imgui.h">
      <Filter>imgui</Filter>
    </ClInclude>
    <ClInclude Include="..\..\inc\imgui\imgui_impl_glfw.h">
      <Filter>imgui</Filter>
    </ClInclude>
    <ClInclude Include="..\..\inc\imgui\imgui_impl_opengl3.h">
      <Filter>imgui</Filter>
    </ClInclude>
    <ClInclude Include="..\..\inc\imgui\imgui_internal.h">
      <Filter>imgui</Filter>
    </ClInclude>
    <ClInclude Include="..\..\inc\imgui\imstb_rectpack.h">
      <Filter>imgui</Filter>
    </ClInclude>
    <ClInclude Include="..\..\inc\imgui\imstb_textedit.h">
      <Filter>imgui</Filter>
    </ClInclude>
    <ClInclude Include="..\..\inc\imgui\imstb_truetype.h">
      <Filter>imgui</Filter>
    </ClInclude>
    <ClInclude Include="Neon\Component.h">
      <Filter>Neon</Filter>
    </ClInclude>
    <ClInclude Include="Neon\System.h">
      <Filter>Neon</Filter>
    </ClInclude>
    <ClInclude Include="Neon\Graphics\Mesh.h">
      <Filter>Neon\Graphics</Filter>
    </ClInclude>
    <ClInclude Include="Neon\Graphics\VAO.h">
      <Filter>Neon\Graphics</Filter>
    </ClInclude>
    <ClInclude Include="Neon\Graphics\Shader.h">
      <Filter>Neon\Graphics</Filter>
    </ClInclude>
    <ClInclude Include="Neon\Graphics\Texture.h">
      <Filter>Neon\Graphics</Filter>
    </ClInclude>
    <ClInclude Include="Neon\Graphics\Material.h">
      <Filter>Neon\Graphics</Filter>
    </ClInclude>
  </ItemGroup>
</Project>